{
  "version": 4,
  "terraform_version": "1.3.6",
  "serial": 10,
  "lineage": "dd620d9d-166d-939c-1f9f-f5eeb1d87d69",
  "outputs": {
    "domain_name": {
      "value": {
        "internal": "monitoring.myp.tech",
        "private": "monitoring.private",
        "public": "myproduct.com"
      },
      "type": [
        "object",
        {
          "internal": "string",
          "private": "string",
          "public": "string"
        }
      ],
      "sensitive": true
    },
    "network": {
      "value": {
        "ip_range": "10.1.0.0/20",
        "nat_ip": "34.21.201.77",
        "network_id": "mycompany/monitoring-221201/network/e618224a-3a96-71bc-0d76-1fb2c75ff793"
      },
      "type": [
        "object",
        {
          "ip_range": "string",
          "nat_ip": "string",
          "network_id": "string"
        }
      ],
      "sensitive": true
    }
  },
  "resources": [
    {
      "mode": "managed",
      "type": "local_file",
      "name": "dns",
      "provider": "provider[\"registry.terraform.io/hashicorp/local\"]",
      "instances": [
        {
          "schema_version": 0,
          "attributes": {
            "content": "\"created\":\n  \"internal_domain_name\": \"monitoring.myp.tech\"\n  \"private_domain_name\": \"monitoring.private\"\n  \"public_domain_name\": \"myproduct.com\"\n\"needs\":\n  \"provider_project\": \"mycompany/monitoring-221201\"\n",
            "content_base64": null,
            "directory_permission": "0777",
            "file_permission": "0644",
            "filename": "./CREATED_dns.yml",
            "id": "eb0cd2782122a3f3bfe77e3af6b5757d8b256c2b",
            "sensitive_content": null,
            "source": null
          },
          "sensitive_attributes": [
            [
              {
                "type": "get_attr",
                "value": "content"
              }
            ]
          ],
          "private": "bnVsbA=="
        }
      ]
    },
    {
      "mode": "managed",
      "type": "local_file",
      "name": "network",
      "provider": "provider[\"registry.terraform.io/hashicorp/local\"]",
      "instances": [
        {
          "schema_version": 0,
          "attributes": {
            "content": "\"created\":\n  \"nat_ip\": \"34.21.201.77\"\n  \"network_id\": \"mycompany/monitoring-221201/network/e618224a-3a96-71bc-0d76-1fb2c75ff793\"\n  \"network_ip\": \"10.1.0.0/20\"\n  \"peerings\":\n    \"production\": \"mycompany/monitoring-221201/network/e618224a-3a96-71bc-0d76-1fb2c75ff793-mycompany/production-191222/network/5e5b8daf-c7f8-428d-3c27-d4f0ffa6e801\"\n    \"staging\": \"mycompany/monitoring-221201/network/e618224a-3a96-71bc-0d76-1fb2c75ff793-mycompany/production-191222/network/5e5b8daf-c7f8-428d-3c27-d4f0ffa6e801\"\n\"needs\":\n  \"provider_project\": \"mycompany/monitoring-221201\"\n",
            "content_base64": null,
            "directory_permission": "0777",
            "file_permission": "0644",
            "filename": "./CREATED_network.yml",
            "id": "5c6ced2b445984b571263e3c922f9788ab4c7c35",
            "sensitive_content": null,
            "source": null
          },
          "sensitive_attributes": [
            [
              {
                "type": "get_attr",
                "value": "content"
              }
            ]
          ],
          "private": "bnVsbA==",
          "dependencies": [
            "random_integer.nat_ip",
            "random_uuid.network"
          ]
        }
      ]
    },
    {
      "mode": "managed",
      "type": "random_integer",
      "name": "nat_ip",
      "provider": "provider[\"registry.terraform.io/hashicorp/random\"]",
      "instances": [
        {
          "index_key": 0,
          "schema_version": 0,
          "attributes": {
            "id": "21",
            "keepers": {
              "network_ip": "10.1.0.0/20"
            },
            "max": 255,
            "min": 0,
            "result": 21,
            "seed": null
          },
          "sensitive_attributes": [],
          "private": "bnVsbA=="
        },
        {
          "index_key": 1,
          "schema_version": 0,
          "attributes": {
            "id": "201",
            "keepers": {
              "network_ip": "10.1.0.0/20"
            },
            "max": 255,
            "min": 0,
            "result": 201,
            "seed": null
          },
          "sensitive_attributes": [],
          "private": "bnVsbA=="
        },
        {
          "index_key": 2,
          "schema_version": 0,
          "attributes": {
            "id": "77",
            "keepers": {
              "network_ip": "10.1.0.0/20"
            },
            "max": 255,
            "min": 0,
            "result": 77,
            "seed": null
          },
          "sensitive_attributes": [],
          "private": "bnVsbA=="
        }
      ]
    },
    {
      "mode": "managed",
      "type": "random_uuid",
      "name": "network",
      "provider": "provider[\"registry.terraform.io/hashicorp/random\"]",
      "instances": [
        {
          "schema_version": 0,
          "attributes": {
            "id": "e618224a-3a96-71bc-0d76-1fb2c75ff793",
            "keepers": {
              "network_ip": "10.1.0.0/20"
            },
            "result": "e618224a-3a96-71bc-0d76-1fb2c75ff793"
          },
          "sensitive_attributes": [],
          "private": "bnVsbA=="
        }
      ]
    }
  ],
  "check_results": null
}
