{
  "version": 4,
  "terraform_version": "1.3.6",
  "serial": 7,
  "lineage": "dd620d9d-166d-939c-1f9f-f5eeb1d87d69",
  "outputs": {
    "domain_name": {
      "value": {
        "internal": "monitoring.myp.tech",
        "private": "monitoring.private",
        "public": "myproduct.com"
      },
      "type": [
        "object",
        {
          "internal": "string",
          "private": "string",
          "public": "string"
        }
      ],
      "sensitive": true
    },
    "network": {
      "value": {
        "ip_range": "10.1.0.0/20",
        "nat_ip": "34.21.201.77",
        "network_id": "mycompany/monitoring-221201/network/e618224a-3a96-71bc-0d76-1fb2c75ff793"
      },
      "type": [
        "object",
        {
          "ip_range": "string",
          "nat_ip": "string",
          "network_id": "string"
        }
      ],
      "sensitive": true
    }
  },
  "resources": [
    {
      "mode": "managed",
      "type": "random_integer",
      "name": "nat_ip",
      "provider": "provider[\"registry.terraform.io/hashicorp/random\"]",
      "instances": [
        {
          "index_key": 0,
          "schema_version": 0,
          "attributes": {
            "id": "21",
            "keepers": {
              "network_ip": "10.1.0.0/20"
            },
            "max": 255,
            "min": 0,
            "result": 21,
            "seed": null
          },
          "sensitive_attributes": [],
          "private": "bnVsbA=="
        },
        {
          "index_key": 1,
          "schema_version": 0,
          "attributes": {
            "id": "201",
            "keepers": {
              "network_ip": "10.1.0.0/20"
            },
            "max": 255,
            "min": 0,
            "result": 201,
            "seed": null
          },
          "sensitive_attributes": [],
          "private": "bnVsbA=="
        },
        {
          "index_key": 2,
          "schema_version": 0,
          "attributes": {
            "id": "77",
            "keepers": {
              "network_ip": "10.1.0.0/20"
            },
            "max": 255,
            "min": 0,
            "result": 77,
            "seed": null
          },
          "sensitive_attributes": [],
          "private": "bnVsbA=="
        }
      ]
    },
    {
      "mode": "managed",
      "type": "random_uuid",
      "name": "network",
      "provider": "provider[\"registry.terraform.io/hashicorp/random\"]",
      "instances": [
        {
          "schema_version": 0,
          "attributes": {
            "id": "e618224a-3a96-71bc-0d76-1fb2c75ff793",
            "keepers": {
              "network_ip": "10.1.0.0/20"
            },
            "result": "e618224a-3a96-71bc-0d76-1fb2c75ff793"
          },
          "sensitive_attributes": [],
          "private": "bnVsbA=="
        }
      ]
    }
  ],
  "check_results": null
}
