{
  "version": 4,
  "terraform_version": "1.2.7",
  "serial": 21,
  "lineage": "5f07fe68-0983-0f49-73cb-67f79dbc2fc0",
  "outputs": {
    "domain_name": {
      "value": {
        "internal": "production.myp.tech",
        "private": "production.private",
        "public": "myproduct.com"
      },
      "type": [
        "object",
        {
          "internal": "string",
          "private": "string",
          "public": "string"
        }
      ],
      "sensitive": true
    },
    "network": {
      "value": {
        "ip_range": "10.2.0.0/20",
        "nat_ip": "34.188.55.13",
        "network_id": "prod-120822/network/84821389-f872-f4d1-09b4-2190632d9804"
      },
      "type": [
        "object",
        {
          "ip_range": "string",
          "nat_ip": "string",
          "network_id": "string"
        }
      ],
      "sensitive": true
    }
  },
  "resources": [
    {
      "mode": "managed",
      "type": "local_file",
      "name": "dns",
      "provider": "provider[\"registry.terraform.io/hashicorp/local\"]",
      "instances": [
        {
          "schema_version": 0,
          "attributes": {
            "content": "\"created\":\n  \"internal_domain_name\": \"production.myp.tech\"\n  \"private_domain_name\": \"production.private\"\n  \"public_domain_name\": \"myproduct.com\"\n  \"state_tag\": \"infra-grounds--envs--production--network\"\n\"needs\":\n  \"provider_credentials\": |\n    -----BEGIN PRIVATE KEY-----\n    productionfjh6qnrS4z3qPOrOthu9hVJiM9sXPISuIMWCQUVDhA7cKwuZ3ErN3Mue2GBt\n    KYuINui3SbsyfuAJlF/3FcUVfbwbioRWMKEs4rTPeU9Nz06Ipj2wZnRUpQ0njgptzxyrzH\n    NblRVU1Skj9xNTzNbj02bWoOYSOgq3YIF+901gbQuZdE8JPxcKZMUXSxTvhgq5zA5bpKrj\n    Zm3Gja0rYjNM6NEFCRfVW4Fg==\n    -----END PRIVATE KEY-----\n  \"provider_project\": \"prod-120822\"\n  \"provider_username\": \"ci-user\"\n",
            "content_base64": null,
            "directory_permission": "0444",
            "file_permission": "0777",
            "filename": "./CREATED_dns.yml",
            "id": "ef8765e89cfbdb9685a8f36ed4ff6bfd236e8952",
            "sensitive_content": null,
            "source": null
          },
          "sensitive_attributes": [
            [
              {
                "type": "get_attr",
                "value": "content"
              }
            ]
          ],
          "private": "bnVsbA=="
        }
      ]
    },
    {
      "mode": "managed",
      "type": "local_file",
      "name": "network",
      "provider": "provider[\"registry.terraform.io/hashicorp/local\"]",
      "instances": [
        {
          "schema_version": 0,
          "attributes": {
            "content": "\"created\":\n  \"nat_ip\": \"34.188.55.13\"\n  \"network_id\": \"prod-120822/network/84821389-f872-f4d1-09b4-2190632d9804\"\n  \"network_ip\": \"10.2.0.0/20\"\n  \"tag\": \"infra-grounds--envs--production--network\"\n\"needs\":\n  \"provider_credentials\": |\n    -----BEGIN PRIVATE KEY-----\n    productionfjh6qnrS4z3qPOrOthu9hVJiM9sXPISuIMWCQUVDhA7cKwuZ3ErN3Mue2GBt\n    KYuINui3SbsyfuAJlF/3FcUVfbwbioRWMKEs4rTPeU9Nz06Ipj2wZnRUpQ0njgptzxyrzH\n    NblRVU1Skj9xNTzNbj02bWoOYSOgq3YIF+901gbQuZdE8JPxcKZMUXSxTvhgq5zA5bpKrj\n    Zm3Gja0rYjNM6NEFCRfVW4Fg==\n    -----END PRIVATE KEY-----\n  \"provider_project\": \"prod-120822\"\n  \"provider_username\": \"ci-user\"\n",
            "content_base64": null,
            "directory_permission": "0777",
            "file_permission": "0444",
            "filename": "./CREATED_network.yml",
            "id": "77e68933fbd74d6a003393492f5348e824cc51a6",
            "sensitive_content": null,
            "source": null
          },
          "sensitive_attributes": [
            [
              {
                "type": "get_attr",
                "value": "content"
              }
            ]
          ],
          "private": "bnVsbA==",
          "dependencies": [
            "random_integer.nat_ip",
            "random_uuid.network"
          ]
        }
      ]
    },
    {
      "mode": "managed",
      "type": "random_integer",
      "name": "nat_ip",
      "provider": "provider[\"registry.terraform.io/hashicorp/random\"]",
      "instances": [
        {
          "index_key": 0,
          "schema_version": 0,
          "attributes": {
            "id": "188",
            "keepers": {
              "network_ip": "10.2.0.0/20"
            },
            "max": 255,
            "min": 0,
            "result": 188,
            "seed": null
          },
          "sensitive_attributes": [],
          "private": "bnVsbA=="
        },
        {
          "index_key": 1,
          "schema_version": 0,
          "attributes": {
            "id": "55",
            "keepers": {
              "network_ip": "10.2.0.0/20"
            },
            "max": 255,
            "min": 0,
            "result": 55,
            "seed": null
          },
          "sensitive_attributes": [],
          "private": "bnVsbA=="
        },
        {
          "index_key": 2,
          "schema_version": 0,
          "attributes": {
            "id": "13",
            "keepers": {
              "network_ip": "10.2.0.0/20"
            },
            "max": 255,
            "min": 0,
            "result": 13,
            "seed": null
          },
          "sensitive_attributes": [],
          "private": "bnVsbA=="
        }
      ]
    },
    {
      "mode": "managed",
      "type": "random_uuid",
      "name": "network",
      "provider": "provider[\"registry.terraform.io/hashicorp/random\"]",
      "instances": [
        {
          "schema_version": 0,
          "attributes": {
            "id": "84821389-f872-f4d1-09b4-2190632d9804",
            "keepers": {
              "network_ip": "10.2.0.0/20"
            },
            "result": "84821389-f872-f4d1-09b4-2190632d9804"
          },
          "sensitive_attributes": [],
          "private": "bnVsbA=="
        }
      ]
    }
  ]
}
