{
  "version": 4,
  "terraform_version": "1.2.7",
  "serial": 6,
  "lineage": "d868efd2-b096-1393-32b8-2c327f31d21f",
  "outputs": {
    "bastion": {
      "value": {
        "instance_id": "monitoring-120822/instance/1c722ea4-dfc5-c30a-f990-0b26568a4165",
        "internal_domain_name": "bastion.monitoring.myp.tech",
        "private_domain_name": "bastion.monitoring.private",
        "private_ip": "10.1.0.2",
        "public_ip": "34.226.96.82"
      },
      "type": [
        "object",
        {
          "instance_id": "string",
          "internal_domain_name": "string",
          "private_domain_name": "string",
          "private_ip": "string",
          "public_ip": "string"
        }
      ],
      "sensitive": true
    }
  },
  "resources": [
    {
      "mode": "data",
      "type": "terraform_remote_state",
      "name": "this_network",
      "provider": "provider[\"terraform.io/builtin/terraform\"]",
      "instances": [
        {
          "schema_version": 0,
          "attributes": {
            "backend": "local",
            "config": {
              "value": {
                "path": "/home/arthur/git/exeiac/tests/git-repo/infra-grounds/2-envs/2-monitoring/1-network/terraform.tfstate"
              },
              "type": [
                "object",
                {
                  "path": "string"
                }
              ]
            },
            "defaults": null,
            "outputs": {
              "value": {
                "domain_name": {
                  "internal": "monitoring.myp.tech",
                  "private": "monitoring.private"
                },
                "network": {
                  "ip_range": "10.1.0.0/20",
                  "nat_ip": "34.35.180.45",
                  "network_id": "monitoring-120822/network/e632b00d-235f-49ca-23b6-40c67541a609"
                }
              },
              "type": [
                "object",
                {
                  "domain_name": [
                    "object",
                    {
                      "internal": "string",
                      "private": "string"
                    }
                  ],
                  "network": [
                    "object",
                    {
                      "ip_range": "string",
                      "nat_ip": "string",
                      "network_id": "string"
                    }
                  ]
                }
              ]
            },
            "workspace": null
          },
          "sensitive_attributes": [
            [
              {
                "type": "get_attr",
                "value": "config"
              },
              {
                "type": "get_attr",
                "value": "path"
              }
            ]
          ]
        }
      ]
    },
    {
      "mode": "managed",
      "type": "local_file",
      "name": "this",
      "provider": "provider[\"registry.terraform.io/hashicorp/local\"]",
      "instances": [
        {
          "schema_version": 0,
          "attributes": {
            "content": "\"created\":\n  \"instance_id\": \"monitoring-120822/instance/1c722ea4-dfc5-c30a-f990-0b26568a4165\"\n  \"internal_domain_name\": \"bastion.monitoring.myp.tech\"\n  \"private_domain_name\": \"bastion.monitoring.private\"\n  \"private_ip\": \"10.1.0.2\"\n  \"properties\":\n    \"cpu\": 2\n    \"disk\":\n      \"system\": 30\n    \"memory\": 4096\n  \"public_ip\": \"34.226.96.82\"\n  \"tag\": \"infra-grounds--envs--monitoring--bastion\"\n\"needs\":\n  \"network_ip_range\": \"10.1.0.0/20\"\n  \"provider_credentials\": |\n    -----BEGIN PRIVATE KEY-----\n    monitoringfjh6qnrS4z3qPOrOthu9hVJiM9sXPISuIMWCQUVDhA7cKwuZ3ErN3Mue2GBt\n    KYuINui3SbsyfuAJlF/3FcUVfbwbioRWMKEs4rTPeU9Nz06Ipj2wZnRUpQ0njgptzxyrzH\n    NblRVU1Skj9xNTzNbj02bWoOYSOgq3YIF+901gbQuZdE8JPxcKZMUXSxTvhgq5zA5bpKrj\n    Zm3Gja0rYjNM6NEFCRfVW4Fg==\n    -----END PRIVATE KEY-----\n  \"provider_project\": \"monitoring-120822\"\n  \"provider_username\": \"ci-user\"\n",
            "content_base64": null,
            "directory_permission": "0777",
            "file_permission": "0444",
            "filename": "./CREATED_bastion.yml",
            "id": "cdd20c1c2d02910456623a56dfad43ebf6b834ce",
            "sensitive_content": null,
            "source": null
          },
          "sensitive_attributes": [
            [
              {
                "type": "get_attr",
                "value": "content"
              }
            ]
          ],
          "private": "bnVsbA==",
          "dependencies": [
            "data.terraform_remote_state.this_network",
            "random_integer.public_ip",
            "random_uuid.this"
          ]
        }
      ]
    },
    {
      "mode": "managed",
      "type": "random_integer",
      "name": "public_ip",
      "provider": "provider[\"registry.terraform.io/hashicorp/random\"]",
      "instances": [
        {
          "index_key": 0,
          "schema_version": 0,
          "attributes": {
            "id": "226",
            "keepers": {
              "instance_id": "1c722ea4-dfc5-c30a-f990-0b26568a4165"
            },
            "max": 255,
            "min": 0,
            "result": 226,
            "seed": null
          },
          "sensitive_attributes": [],
          "private": "bnVsbA==",
          "dependencies": [
            "random_uuid.this"
          ]
        },
        {
          "index_key": 1,
          "schema_version": 0,
          "attributes": {
            "id": "96",
            "keepers": {
              "instance_id": "1c722ea4-dfc5-c30a-f990-0b26568a4165"
            },
            "max": 255,
            "min": 0,
            "result": 96,
            "seed": null
          },
          "sensitive_attributes": [],
          "private": "bnVsbA==",
          "dependencies": [
            "random_uuid.this"
          ]
        },
        {
          "index_key": 2,
          "schema_version": 0,
          "attributes": {
            "id": "82",
            "keepers": {
              "instance_id": "1c722ea4-dfc5-c30a-f990-0b26568a4165"
            },
            "max": 255,
            "min": 0,
            "result": 82,
            "seed": null
          },
          "sensitive_attributes": [],
          "private": "bnVsbA==",
          "dependencies": [
            "random_uuid.this"
          ]
        }
      ]
    },
    {
      "mode": "managed",
      "type": "random_uuid",
      "name": "this",
      "provider": "provider[\"registry.terraform.io/hashicorp/random\"]",
      "instances": [
        {
          "schema_version": 0,
          "attributes": {
            "id": "1c722ea4-dfc5-c30a-f990-0b26568a4165",
            "keepers": null,
            "result": "1c722ea4-dfc5-c30a-f990-0b26568a4165"
          },
          "sensitive_attributes": [],
          "private": "bnVsbA=="
        }
      ]
    }
  ]
}
