{
  "version": 4,
  "terraform_version": "1.2.7",
  "serial": 7,
  "lineage": "5e44fe75-7caa-2895-9fe4-16ee1c87f20c",
  "outputs": {
    "domain_name": {
      "value": {
        "internal": "monitoring.myp.tech",
        "private": "monitoring.private"
      },
      "type": [
        "object",
        {
          "internal": "string",
          "private": "string"
        }
      ],
      "sensitive": true
    },
    "network": {
      "value": {
        "ip_range": "10.1.0.0/20",
        "nat_ip": "34.35.180.45",
        "network_id": "monitoring-120822/network/e632b00d-235f-49ca-23b6-40c67541a609"
      },
      "type": [
        "object",
        {
          "ip_range": "string",
          "nat_ip": "string",
          "network_id": "string"
        }
      ],
      "sensitive": true
    }
  },
  "resources": [
    {
      "mode": "managed",
      "type": "local_file",
      "name": "dns",
      "provider": "provider[\"registry.terraform.io/hashicorp/local\"]",
      "instances": [
        {
          "schema_version": 0,
          "attributes": {
            "content": "\"created\":\n  \"internal_domain_name\": \"monitoring.myp.tech\"\n  \"private_domain_name\": \"monitoring.private\"\n  \"state_tag\": \"infra-grounds--envs--monitoring--network\"\n\"needs\":\n  \"provider_credentials\": |\n    -----BEGIN PRIVATE KEY-----\n    monitoringfjh6qnrS4z3qPOrOthu9hVJiM9sXPISuIMWCQUVDhA7cKwuZ3ErN3Mue2GBt\n    KYuINui3SbsyfuAJlF/3FcUVfbwbioRWMKEs4rTPeU9Nz06Ipj2wZnRUpQ0njgptzxyrzH\n    NblRVU1Skj9xNTzNbj02bWoOYSOgq3YIF+901gbQuZdE8JPxcKZMUXSxTvhgq5zA5bpKrj\n    Zm3Gja0rYjNM6NEFCRfVW4Fg==\n    -----END PRIVATE KEY-----\n  \"provider_project\": \"monitoring-120822\"\n  \"provider_username\": \"ci-user\"\n",
            "content_base64": null,
            "directory_permission": "0777",
            "file_permission": "0444",
            "filename": "./CREATED_dns.yml",
            "id": "8bb1200607c4206675f048f9457e38ae3f251409",
            "sensitive_content": null,
            "source": null
          },
          "sensitive_attributes": [
            [
              {
                "type": "get_attr",
                "value": "content"
              }
            ]
          ],
          "private": "bnVsbA=="
        }
      ]
    },
    {
      "mode": "managed",
      "type": "local_file",
      "name": "network",
      "provider": "provider[\"registry.terraform.io/hashicorp/local\"]",
      "instances": [
        {
          "schema_version": 0,
          "attributes": {
            "content": "\"created\":\n  \"nat_ip\": \"34.35.180.45\"\n  \"network_id\": \"monitoring-120822/network/e632b00d-235f-49ca-23b6-40c67541a609\"\n  \"network_ip\": \"10.1.0.0/20\"\n  \"tag\": \"infra-grounds--envs--monitoring--network\"\n\"needs\":\n  \"provider_credentials\": |\n    -----BEGIN PRIVATE KEY-----\n    monitoringfjh6qnrS4z3qPOrOthu9hVJiM9sXPISuIMWCQUVDhA7cKwuZ3ErN3Mue2GBt\n    KYuINui3SbsyfuAJlF/3FcUVfbwbioRWMKEs4rTPeU9Nz06Ipj2wZnRUpQ0njgptzxyrzH\n    NblRVU1Skj9xNTzNbj02bWoOYSOgq3YIF+901gbQuZdE8JPxcKZMUXSxTvhgq5zA5bpKrj\n    Zm3Gja0rYjNM6NEFCRfVW4Fg==\n    -----END PRIVATE KEY-----\n  \"provider_project\": \"monitoring-120822\"\n  \"provider_username\": \"ci-user\"\n",
            "content_base64": null,
            "directory_permission": "0777",
            "file_permission": "0444",
            "filename": "./CREATED_network.yml",
            "id": "de7de2d01d37d0e04c4cab66e677dcfff0a07d81",
            "sensitive_content": null,
            "source": null
          },
          "sensitive_attributes": [
            [
              {
                "type": "get_attr",
                "value": "content"
              }
            ]
          ],
          "private": "bnVsbA==",
          "dependencies": [
            "random_integer.nat_ip",
            "random_uuid.network"
          ]
        }
      ]
    },
    {
      "mode": "managed",
      "type": "random_integer",
      "name": "nat_ip",
      "provider": "provider[\"registry.terraform.io/hashicorp/random\"]",
      "instances": [
        {
          "index_key": 0,
          "schema_version": 0,
          "attributes": {
            "id": "35",
            "keepers": {
              "network_ip": "10.1.0.0/20"
            },
            "max": 255,
            "min": 0,
            "result": 35,
            "seed": null
          },
          "sensitive_attributes": [],
          "private": "bnVsbA=="
        },
        {
          "index_key": 1,
          "schema_version": 0,
          "attributes": {
            "id": "180",
            "keepers": {
              "network_ip": "10.1.0.0/20"
            },
            "max": 255,
            "min": 0,
            "result": 180,
            "seed": null
          },
          "sensitive_attributes": [],
          "private": "bnVsbA=="
        },
        {
          "index_key": 2,
          "schema_version": 0,
          "attributes": {
            "id": "45",
            "keepers": {
              "network_ip": "10.1.0.0/20"
            },
            "max": 255,
            "min": 0,
            "result": 45,
            "seed": null
          },
          "sensitive_attributes": [],
          "private": "bnVsbA=="
        }
      ]
    },
    {
      "mode": "managed",
      "type": "random_uuid",
      "name": "network",
      "provider": "provider[\"registry.terraform.io/hashicorp/random\"]",
      "instances": [
        {
          "schema_version": 0,
          "attributes": {
            "id": "e632b00d-235f-49ca-23b6-40c67541a609",
            "keepers": {
              "network_ip": "10.1.0.0/20"
            },
            "result": "e632b00d-235f-49ca-23b6-40c67541a609"
          },
          "sensitive_attributes": [],
          "private": "bnVsbA=="
        }
      ]
    }
  ]
}
