{
  "version": 4,
  "terraform_version": "1.3.6",
  "serial": 12,
  "lineage": "4b1b367a-3e94-fa35-d7bc-7fec71b4a03a",
  "outputs": {
    "cluster": {
      "value": {
        "instance_id": "mycompany/production-191222/instance/c4170873-145c-040d-a0f8-031e1e7f13cd",
        "internal_domain_name": "cluster-main.production.myp.tech",
        "private_domain_name": "cluster-main.production.private",
        "private_ip": "10.2.0.3",
        "public_ip": "34.64.76.186"
      },
      "type": [
        "object",
        {
          "instance_id": "string",
          "internal_domain_name": "string",
          "private_domain_name": "string",
          "private_ip": "string",
          "public_ip": "string"
        }
      ],
      "sensitive": true
    }
  },
  "resources": [
    {
      "mode": "managed",
      "type": "local_file",
      "name": "this",
      "provider": "provider[\"registry.terraform.io/hashicorp/local\"]",
      "instances": [
        {
          "schema_version": 0,
          "attributes": {
            "content": "\"created\":\n  \"admin_creds\":\n    \"password\":\n      \"bcrypt_hash\": \"$2a$10$0GRw87rYJ06Hm2NMZ/6PoOXa7uSH0luP5ntliDQ.5BFdzEIKRy3zm\"\n      \"id\": \"none\"\n      \"keepers\": null\n      \"length\": 16\n      \"lower\": true\n      \"min_lower\": 0\n      \"min_numeric\": 0\n      \"min_special\": 0\n      \"min_upper\": 0\n      \"number\": true\n      \"numeric\": true\n      \"override_special\": null\n      \"result\": \"_4G\u003e1N4n$@]A\u003cUnc\"\n      \"special\": true\n      \"upper\": true\n    \"username\": \"production-admin\"\n  \"cluster_id\": \"mycompany/production-191222/instance/c4170873-145c-040d-a0f8-031e1e7f13cd\"\n  \"internal_domain_name\": \"cluster-main.production.myp.tech\"\n  \"load_balancer_ip\": \"34.64.76.186\"\n  \"nodes\":\n    \"failover\":\n      \"id\": \"cb33566c-c8b9-d436-60e1-050c5e396253\"\n      \"keepers\":\n        \"cluster_id\": \"c4170873-145c-040d-a0f8-031e1e7f13cd\"\n      \"result\": \"cb33566c-c8b9-d436-60e1-050c5e396253\"\n    \"master\":\n      \"id\": \"139e4a27-7c70-6149-2378-4874e483b3aa\"\n      \"keepers\":\n        \"cluster_id\": \"c4170873-145c-040d-a0f8-031e1e7f13cd\"\n      \"result\": \"139e4a27-7c70-6149-2378-4874e483b3aa\"\n    \"reader1\":\n      \"id\": \"e0e94be9-21e8-0cd1-acee-cc1a2f4e6c45\"\n      \"keepers\":\n        \"cluster_id\": \"c4170873-145c-040d-a0f8-031e1e7f13cd\"\n      \"result\": \"e0e94be9-21e8-0cd1-acee-cc1a2f4e6c45\"\n    \"reader2\":\n      \"id\": \"83c66d0f-7578-1865-e527-424ce08deac9\"\n      \"keepers\":\n        \"cluster_id\": \"c4170873-145c-040d-a0f8-031e1e7f13cd\"\n      \"result\": \"83c66d0f-7578-1865-e527-424ce08deac9\"\n    \"reader_data\":\n      \"id\": \"4ab26eb7-0221-39e1-cd30-807efd96ae7c\"\n      \"keepers\":\n        \"cluster_id\": \"c4170873-145c-040d-a0f8-031e1e7f13cd\"\n      \"result\": \"4ab26eb7-0221-39e1-cd30-807efd96ae7c\"\n  \"private_domain_name\": \"cluster-main.production.private\"\n  \"private_ip\": \"10.2.0.3\"\n  \"properties\":\n    \"nodes\":\n      \"failover\":\n        \"cpu\": 8\n        \"disk\": 100\n        \"memory\": 8192\n        \"roles\": \"failover\"\n        \"zone\": \"eu-west2-b\"\n      \"master\":\n        \"cpu\": 8\n        \"disk\": 100\n        \"memory\": 8192\n        \"roles\": \"master\"\n        \"zone\": \"eu-west1-a\"\n      \"reader1\":\n        \"cpu\": 8\n        \"disk\": 100\n        \"memory\": 8192\n        \"roles\": \"reader\"\n        \"zone\": \"eu-west1-b\"\n      \"reader2\":\n        \"cpu\": 8\n        \"disk\": 100\n        \"memory\": 8192\n        \"roles\": \"reader\"\n        \"zone\": \"eu-west2-a\"\n      \"reader_data\":\n        \"cpu\": 4\n        \"disk\": 100\n        \"memory\": 4096\n        \"roles\": \"reader\"\n        \"zone\": \"eu-west1-a\"\n  \"tag\": \"production/cluster_k8s\"\n\"needs\":\n  \"network_id\": \"mycompany/production-191222/network/5e5b8daf-c7f8-428d-3c27-d4f0ffa6e801\"\n  \"network_ip_range\": \"10.2.0.0/20\"\n  \"provider_project\": \"mycompany/production-191222\"\n",
            "content_base64": null,
            "directory_permission": "0777",
            "file_permission": "0644",
            "filename": "./CREATED_cluster_k8s.yml",
            "id": "d2ff3f5fe09cc75e36d3e754dc32357f04735235",
            "sensitive_content": null,
            "source": null
          },
          "sensitive_attributes": [
            [
              {
                "type": "get_attr",
                "value": "content"
              }
            ]
          ],
          "private": "bnVsbA==",
          "dependencies": [
            "random_integer.public_ip",
            "random_password.this",
            "random_uuid.cluster",
            "random_uuid.nodes"
          ]
        }
      ]
    },
    {
      "mode": "managed",
      "type": "random_integer",
      "name": "public_ip",
      "provider": "provider[\"registry.terraform.io/hashicorp/random\"]",
      "instances": [
        {
          "index_key": 0,
          "schema_version": 0,
          "attributes": {
            "id": "64",
            "keepers": {
              "instance_id": "c4170873-145c-040d-a0f8-031e1e7f13cd"
            },
            "max": 255,
            "min": 0,
            "result": 64,
            "seed": null
          },
          "sensitive_attributes": [],
          "private": "bnVsbA==",
          "dependencies": [
            "random_uuid.cluster"
          ]
        },
        {
          "index_key": 1,
          "schema_version": 0,
          "attributes": {
            "id": "76",
            "keepers": {
              "instance_id": "c4170873-145c-040d-a0f8-031e1e7f13cd"
            },
            "max": 255,
            "min": 0,
            "result": 76,
            "seed": null
          },
          "sensitive_attributes": [],
          "private": "bnVsbA==",
          "dependencies": [
            "random_uuid.cluster"
          ]
        },
        {
          "index_key": 2,
          "schema_version": 0,
          "attributes": {
            "id": "186",
            "keepers": {
              "instance_id": "c4170873-145c-040d-a0f8-031e1e7f13cd"
            },
            "max": 255,
            "min": 0,
            "result": 186,
            "seed": null
          },
          "sensitive_attributes": [],
          "private": "bnVsbA==",
          "dependencies": [
            "random_uuid.cluster"
          ]
        }
      ]
    },
    {
      "mode": "managed",
      "type": "random_password",
      "name": "this",
      "provider": "provider[\"registry.terraform.io/hashicorp/random\"]",
      "instances": [
        {
          "schema_version": 2,
          "attributes": {
            "bcrypt_hash": "$2a$10$0GRw87rYJ06Hm2NMZ/6PoOXa7uSH0luP5ntliDQ.5BFdzEIKRy3zm",
            "id": "none",
            "keepers": null,
            "length": 16,
            "lower": true,
            "min_lower": 0,
            "min_numeric": 0,
            "min_special": 0,
            "min_upper": 0,
            "number": true,
            "numeric": true,
            "override_special": null,
            "result": "_4G\u003e1N4n$@]A\u003cUnc",
            "special": true,
            "upper": true
          },
          "sensitive_attributes": [],
          "private": "eyJzY2hlbWFfdmVyc2lvbiI6IjIifQ=="
        }
      ]
    },
    {
      "mode": "managed",
      "type": "random_uuid",
      "name": "cluster",
      "provider": "provider[\"registry.terraform.io/hashicorp/random\"]",
      "instances": [
        {
          "schema_version": 0,
          "attributes": {
            "id": "c4170873-145c-040d-a0f8-031e1e7f13cd",
            "keepers": null,
            "result": "c4170873-145c-040d-a0f8-031e1e7f13cd"
          },
          "sensitive_attributes": [],
          "private": "bnVsbA=="
        }
      ]
    },
    {
      "mode": "managed",
      "type": "random_uuid",
      "name": "nodes",
      "provider": "provider[\"registry.terraform.io/hashicorp/random\"]",
      "instances": [
        {
          "index_key": "failover",
          "schema_version": 0,
          "attributes": {
            "id": "cb33566c-c8b9-d436-60e1-050c5e396253",
            "keepers": {
              "cluster_id": "c4170873-145c-040d-a0f8-031e1e7f13cd"
            },
            "result": "cb33566c-c8b9-d436-60e1-050c5e396253"
          },
          "sensitive_attributes": [],
          "private": "bnVsbA==",
          "dependencies": [
            "random_uuid.cluster"
          ]
        },
        {
          "index_key": "master",
          "schema_version": 0,
          "attributes": {
            "id": "139e4a27-7c70-6149-2378-4874e483b3aa",
            "keepers": {
              "cluster_id": "c4170873-145c-040d-a0f8-031e1e7f13cd"
            },
            "result": "139e4a27-7c70-6149-2378-4874e483b3aa"
          },
          "sensitive_attributes": [],
          "private": "bnVsbA==",
          "dependencies": [
            "random_uuid.cluster"
          ]
        },
        {
          "index_key": "reader1",
          "schema_version": 0,
          "attributes": {
            "id": "e0e94be9-21e8-0cd1-acee-cc1a2f4e6c45",
            "keepers": {
              "cluster_id": "c4170873-145c-040d-a0f8-031e1e7f13cd"
            },
            "result": "e0e94be9-21e8-0cd1-acee-cc1a2f4e6c45"
          },
          "sensitive_attributes": [],
          "private": "bnVsbA==",
          "dependencies": [
            "random_uuid.cluster"
          ]
        },
        {
          "index_key": "reader2",
          "schema_version": 0,
          "attributes": {
            "id": "83c66d0f-7578-1865-e527-424ce08deac9",
            "keepers": {
              "cluster_id": "c4170873-145c-040d-a0f8-031e1e7f13cd"
            },
            "result": "83c66d0f-7578-1865-e527-424ce08deac9"
          },
          "sensitive_attributes": [],
          "private": "bnVsbA==",
          "dependencies": [
            "random_uuid.cluster"
          ]
        },
        {
          "index_key": "reader_data",
          "schema_version": 0,
          "attributes": {
            "id": "4ab26eb7-0221-39e1-cd30-807efd96ae7c",
            "keepers": {
              "cluster_id": "c4170873-145c-040d-a0f8-031e1e7f13cd"
            },
            "result": "4ab26eb7-0221-39e1-cd30-807efd96ae7c"
          },
          "sensitive_attributes": [],
          "private": "bnVsbA==",
          "dependencies": [
            "random_uuid.cluster"
          ]
        }
      ]
    }
  ],
  "check_results": null
}
