{
  "version": 4,
  "terraform_version": "1.3.6",
  "serial": 7,
  "lineage": "47449116-b006-31d9-20f0-41e564589117",
  "outputs": {
    "monitoring_user": {
      "value": {
        "userkey": {
          "bcrypt_hash": "$2a$10$YM/adwc5Lw5yzZRRJPjgled5dIISDGbQ9yasNFbjQp5qNEb2cAVze",
          "id": "none",
          "keepers": null,
          "length": 16,
          "lower": true,
          "min_lower": 0,
          "min_numeric": 0,
          "min_special": 0,
          "min_upper": 0,
          "number": true,
          "numeric": true,
          "override_special": null,
          "result": "HPbb4jxHQ7tg8pKf",
          "special": false,
          "upper": true
        },
        "username": "ci-monitoring"
      },
      "type": [
        "object",
        {
          "userkey": [
            "object",
            {
              "bcrypt_hash": "string",
              "id": "string",
              "keepers": [
                "map",
                "string"
              ],
              "length": "number",
              "lower": "bool",
              "min_lower": "number",
              "min_numeric": "number",
              "min_special": "number",
              "min_upper": "number",
              "number": "bool",
              "numeric": "bool",
              "override_special": "string",
              "result": "string",
              "special": "bool",
              "upper": "bool"
            }
          ],
          "username": "string"
        }
      ],
      "sensitive": true
    },
    "production_user": {
      "value": {
        "userkey": {
          "bcrypt_hash": "$2a$10$qs9vq7eWG/S5HRI6myPTyOG4MaYbEE8melYBAvSN2h4wWXC3eNIE6",
          "id": "none",
          "keepers": null,
          "length": 16,
          "lower": true,
          "min_lower": 0,
          "min_numeric": 0,
          "min_special": 0,
          "min_upper": 0,
          "number": true,
          "numeric": true,
          "override_special": null,
          "result": "fdEARlxGvkxIQ3Io",
          "special": false,
          "upper": true
        },
        "username": "ci-production"
      },
      "type": [
        "object",
        {
          "userkey": [
            "object",
            {
              "bcrypt_hash": "string",
              "id": "string",
              "keepers": [
                "map",
                "string"
              ],
              "length": "number",
              "lower": "bool",
              "min_lower": "number",
              "min_numeric": "number",
              "min_special": "number",
              "min_upper": "number",
              "number": "bool",
              "numeric": "bool",
              "override_special": "string",
              "result": "string",
              "special": "bool",
              "upper": "bool"
            }
          ],
          "username": "string"
        }
      ],
      "sensitive": true
    },
    "staging_user": {
      "value": {
        "userkey": {
          "bcrypt_hash": "$2a$10$ytijSoubR5NEtpnZYU8ybOnQAQLEbdekHno9jH3aIEZjLHC3jfJe6",
          "id": "none",
          "keepers": null,
          "length": 16,
          "lower": true,
          "min_lower": 0,
          "min_numeric": 0,
          "min_special": 0,
          "min_upper": 0,
          "number": true,
          "numeric": true,
          "override_special": null,
          "result": "kZMt2C1H8oEEFnsw",
          "special": false,
          "upper": true
        },
        "username": "ci-staging"
      },
      "type": [
        "object",
        {
          "userkey": [
            "object",
            {
              "bcrypt_hash": "string",
              "id": "string",
              "keepers": [
                "map",
                "string"
              ],
              "length": "number",
              "lower": "bool",
              "min_lower": "number",
              "min_numeric": "number",
              "min_special": "number",
              "min_upper": "number",
              "number": "bool",
              "numeric": "bool",
              "override_special": "string",
              "result": "string",
              "special": "bool",
              "upper": "bool"
            }
          ],
          "username": "string"
        }
      ],
      "sensitive": true
    }
  },
  "resources": [
    {
      "mode": "managed",
      "type": "local_file",
      "name": "monitoring",
      "provider": "provider[\"registry.terraform.io/hashicorp/local\"]",
      "instances": [
        {
          "schema_version": 0,
          "attributes": {
            "content": "\"created\":\n  \"ci\":\n    \"env\": \"monitoring\"\n    \"secrets\":\n    - \"name\": \"TF_VAR_username\"\n      \"value\": \"ci-monitoring\"\n    - \"name\": \"TF_VAR_userkey\"\n      \"value\":\n        \"bcrypt_hash\": \"$2a$10$YM/adwc5Lw5yzZRRJPjgled5dIISDGbQ9yasNFbjQp5qNEb2cAVze\"\n        \"id\": \"none\"\n        \"keepers\": null\n        \"length\": 16\n        \"lower\": true\n        \"min_lower\": 0\n        \"min_numeric\": 0\n        \"min_special\": 0\n        \"min_upper\": 0\n        \"number\": true\n        \"numeric\": true\n        \"override_special\": null\n        \"result\": \"HPbb4jxHQ7tg8pKf\"\n        \"special\": false\n        \"upper\": true\n  \"cloud\":\n    \"monitoring_access\": []\n    \"project_access\":\n    - \"all/rw\"\n    \"user_key\":\n      \"bcrypt_hash\": \"$2a$10$YM/adwc5Lw5yzZRRJPjgled5dIISDGbQ9yasNFbjQp5qNEb2cAVze\"\n      \"id\": \"none\"\n      \"keepers\": null\n      \"length\": 16\n      \"lower\": true\n      \"min_lower\": 0\n      \"min_numeric\": 0\n      \"min_special\": 0\n      \"min_upper\": 0\n      \"number\": true\n      \"numeric\": true\n      \"override_special\": null\n      \"result\": \"HPbb4jxHQ7tg8pKf\"\n      \"special\": false\n      \"upper\": true\n    \"user_name\": \"ci-monitoring\"\n\"needs\":\n  \"ci_provider\": \"my-company\"\n  \"monitoring_projects\": \"mycompany/monitoring-221201\"\n",
            "content_base64": null,
            "directory_permission": "0777",
            "file_permission": "0644",
            "filename": "./CREATED_monitoring_project\u0026ci.yml",
            "id": "aa0717f928a674b20e6e01f2ab6730c58b93d058",
            "sensitive_content": null,
            "source": null
          },
          "sensitive_attributes": [
            [
              {
                "type": "get_attr",
                "value": "content"
              }
            ]
          ],
          "private": "bnVsbA==",
          "dependencies": [
            "random_password.monitoring_user"
          ]
        }
      ]
    },
    {
      "mode": "managed",
      "type": "local_file",
      "name": "production",
      "provider": "provider[\"registry.terraform.io/hashicorp/local\"]",
      "instances": [
        {
          "schema_version": 0,
          "attributes": {
            "content": "\"created\":\n  \"ci\":\n    \"env\": \"production\"\n    \"secrets\":\n    - \"name\": \"TF_VAR_username\"\n      \"value\": \"ci-production\"\n    - \"name\": \"TF_VAR_userkey\"\n      \"value\":\n        \"bcrypt_hash\": \"$2a$10$qs9vq7eWG/S5HRI6myPTyOG4MaYbEE8melYBAvSN2h4wWXC3eNIE6\"\n        \"id\": \"none\"\n        \"keepers\": null\n        \"length\": 16\n        \"lower\": true\n        \"min_lower\": 0\n        \"min_numeric\": 0\n        \"min_special\": 0\n        \"min_upper\": 0\n        \"number\": true\n        \"numeric\": true\n        \"override_special\": null\n        \"result\": \"fdEARlxGvkxIQ3Io\"\n        \"special\": false\n        \"upper\": true\n  \"cloud\":\n    \"monitoring_access\": []\n    \"project_access\":\n    - \"all/rw\"\n    \"user_key\":\n      \"bcrypt_hash\": \"$2a$10$qs9vq7eWG/S5HRI6myPTyOG4MaYbEE8melYBAvSN2h4wWXC3eNIE6\"\n      \"id\": \"none\"\n      \"keepers\": null\n      \"length\": 16\n      \"lower\": true\n      \"min_lower\": 0\n      \"min_numeric\": 0\n      \"min_special\": 0\n      \"min_upper\": 0\n      \"number\": true\n      \"numeric\": true\n      \"override_special\": null\n      \"result\": \"fdEARlxGvkxIQ3Io\"\n      \"special\": false\n      \"upper\": true\n    \"user_name\": \"ci-production\"\n\"needs\":\n  \"ci_provider\": \"my-company\"\n  \"monitoring_projects\": \"mycompany/monitoring-221201\"\n  \"production_projects\": \"mycompany/production-191222\"\n",
            "content_base64": null,
            "directory_permission": "0777",
            "file_permission": "0644",
            "filename": "./CREATED_production_project\u0026ci.yml",
            "id": "7207960cdb371140b68fade60d3442d867ffe231",
            "sensitive_content": null,
            "source": null
          },
          "sensitive_attributes": [
            [
              {
                "type": "get_attr",
                "value": "content"
              }
            ]
          ],
          "private": "bnVsbA==",
          "dependencies": [
            "random_password.production_user"
          ]
        }
      ]
    },
    {
      "mode": "managed",
      "type": "local_file",
      "name": "staging",
      "provider": "provider[\"registry.terraform.io/hashicorp/local\"]",
      "instances": [
        {
          "schema_version": 0,
          "attributes": {
            "content": "\"created\":\n  \"ci\":\n    \"env\": \"staging\"\n    \"secrets\":\n    - \"name\": \"TF_VAR_username\"\n      \"value\": \"ci-staging\"\n    - \"name\": \"TF_VAR_userkey\"\n      \"value\":\n        \"bcrypt_hash\": \"$2a$10$ytijSoubR5NEtpnZYU8ybOnQAQLEbdekHno9jH3aIEZjLHC3jfJe6\"\n        \"id\": \"none\"\n        \"keepers\": null\n        \"length\": 16\n        \"lower\": true\n        \"min_lower\": 0\n        \"min_numeric\": 0\n        \"min_special\": 0\n        \"min_upper\": 0\n        \"number\": true\n        \"numeric\": true\n        \"override_special\": null\n        \"result\": \"kZMt2C1H8oEEFnsw\"\n        \"special\": false\n        \"upper\": true\n  \"cloud\":\n    \"monitoring_access\": []\n    \"project_access\":\n    - \"all/rw\"\n    \"user_key\":\n      \"bcrypt_hash\": \"$2a$10$ytijSoubR5NEtpnZYU8ybOnQAQLEbdekHno9jH3aIEZjLHC3jfJe6\"\n      \"id\": \"none\"\n      \"keepers\": null\n      \"length\": 16\n      \"lower\": true\n      \"min_lower\": 0\n      \"min_numeric\": 0\n      \"min_special\": 0\n      \"min_upper\": 0\n      \"number\": true\n      \"numeric\": true\n      \"override_special\": null\n      \"result\": \"kZMt2C1H8oEEFnsw\"\n      \"special\": false\n      \"upper\": true\n    \"user_name\": \"ci-staging\"\n\"needs\":\n  \"ci_provider\": \"my-company\"\n  \"monitoring_projects\": \"mycompany/monitoring-221201\"\n  \"staging_projects\": \"mycompany/staging-221219\"\n",
            "content_base64": null,
            "directory_permission": "0777",
            "file_permission": "0644",
            "filename": "./CREATED_staging_project\u0026ci.yml",
            "id": "f046b844cef8fd64e2a211539464cdcd3a04c4a6",
            "sensitive_content": null,
            "source": null
          },
          "sensitive_attributes": [
            [
              {
                "type": "get_attr",
                "value": "content"
              }
            ]
          ],
          "private": "bnVsbA==",
          "dependencies": [
            "random_password.staging_user"
          ]
        }
      ]
    },
    {
      "mode": "managed",
      "type": "random_password",
      "name": "monitoring_user",
      "provider": "provider[\"registry.terraform.io/hashicorp/random\"]",
      "instances": [
        {
          "schema_version": 3,
          "attributes": {
            "bcrypt_hash": "$2a$10$YM/adwc5Lw5yzZRRJPjgled5dIISDGbQ9yasNFbjQp5qNEb2cAVze",
            "id": "none",
            "keepers": null,
            "length": 16,
            "lower": true,
            "min_lower": 0,
            "min_numeric": 0,
            "min_special": 0,
            "min_upper": 0,
            "number": true,
            "numeric": true,
            "override_special": null,
            "result": "HPbb4jxHQ7tg8pKf",
            "special": false,
            "upper": true
          },
          "sensitive_attributes": []
        }
      ]
    },
    {
      "mode": "managed",
      "type": "random_password",
      "name": "production_user",
      "provider": "provider[\"registry.terraform.io/hashicorp/random\"]",
      "instances": [
        {
          "schema_version": 3,
          "attributes": {
            "bcrypt_hash": "$2a$10$qs9vq7eWG/S5HRI6myPTyOG4MaYbEE8melYBAvSN2h4wWXC3eNIE6",
            "id": "none",
            "keepers": null,
            "length": 16,
            "lower": true,
            "min_lower": 0,
            "min_numeric": 0,
            "min_special": 0,
            "min_upper": 0,
            "number": true,
            "numeric": true,
            "override_special": null,
            "result": "fdEARlxGvkxIQ3Io",
            "special": false,
            "upper": true
          },
          "sensitive_attributes": []
        }
      ]
    },
    {
      "mode": "managed",
      "type": "random_password",
      "name": "staging_user",
      "provider": "provider[\"registry.terraform.io/hashicorp/random\"]",
      "instances": [
        {
          "schema_version": 3,
          "attributes": {
            "bcrypt_hash": "$2a$10$ytijSoubR5NEtpnZYU8ybOnQAQLEbdekHno9jH3aIEZjLHC3jfJe6",
            "id": "none",
            "keepers": null,
            "length": 16,
            "lower": true,
            "min_lower": 0,
            "min_numeric": 0,
            "min_special": 0,
            "min_upper": 0,
            "number": true,
            "numeric": true,
            "override_special": null,
            "result": "kZMt2C1H8oEEFnsw",
            "special": false,
            "upper": true
          },
          "sensitive_attributes": []
        }
      ]
    }
  ],
  "check_results": null
}
