{
  "version": 4,
  "terraform_version": "1.2.7",
  "serial": 34,
  "lineage": "5f07fe68-0983-0f49-73cb-67f79dbc2fc0",
  "outputs": {
    "bastion": {
      "value": {
        "instance_id": "prod-120822/instance/0c5b4491-4dcf-c938-d456-f5d79e49aae6",
        "internal_domain_name": "bastion.production.myp.tech",
        "private_domain_name": "bastion.production.private",
        "private_ip": "10.2.0.2",
        "public_ip": "34.134.127.193"
      },
      "type": [
        "object",
        {
          "instance_id": "string",
          "internal_domain_name": "string",
          "private_domain_name": "string",
          "private_ip": "string",
          "public_ip": "string"
        }
      ],
      "sensitive": true
    }
  },
  "resources": [
    {
      "mode": "data",
      "type": "terraform_remote_state",
      "name": "this_network",
      "provider": "provider[\"terraform.io/builtin/terraform\"]",
      "instances": [
        {
          "schema_version": 0,
          "attributes": {
            "backend": "local",
            "config": {
              "value": {
                "path": "/home/arthur/git/exeiac/tests/git-repo/infra-grounds/2-envs/1-production/1-network/terraform.tfstate"
              },
              "type": [
                "object",
                {
                  "path": "string"
                }
              ]
            },
            "defaults": null,
            "outputs": {
              "value": {
                "domain_name": {
                  "internal": "production.myp.tech",
                  "private": "production.private",
                  "public": "myproduct.com"
                },
                "network": {
                  "ip_range": "10.2.0.0/20",
                  "nat_ip": "34.188.55.13",
                  "network_id": "prod-120822/network/84821389-f872-f4d1-09b4-2190632d9804"
                }
              },
              "type": [
                "object",
                {
                  "domain_name": [
                    "object",
                    {
                      "internal": "string",
                      "private": "string",
                      "public": "string"
                    }
                  ],
                  "network": [
                    "object",
                    {
                      "ip_range": "string",
                      "nat_ip": "string",
                      "network_id": "string"
                    }
                  ]
                }
              ]
            },
            "workspace": null
          },
          "sensitive_attributes": [
            [
              {
                "type": "get_attr",
                "value": "config"
              },
              {
                "type": "get_attr",
                "value": "path"
              }
            ]
          ]
        }
      ]
    },
    {
      "mode": "managed",
      "type": "local_file",
      "name": "this",
      "provider": "provider[\"registry.terraform.io/hashicorp/local\"]",
      "instances": [
        {
          "schema_version": 0,
          "attributes": {
            "content": "\"created\":\n  \"instance_id\": \"prod-120822/instance/0c5b4491-4dcf-c938-d456-f5d79e49aae6\"\n  \"internal_domain_name\": \"bastion.production.myp.tech\"\n  \"private_domain_name\": \"bastion.production.private\"\n  \"private_ip\": \"10.2.0.2\"\n  \"properties\":\n    \"cpu\": 2\n    \"disk\":\n      \"system\": 30\n    \"memory\": 4096\n  \"public_ip\": \"34.134.127.193\"\n  \"tag\": \"infra-grounds--envs--production--bastion\"\n\"needs\":\n  \"network_ip_range\": \"10.2.0.0/20\"\n  \"provider_credentials\": |\n    -----BEGIN PRIVATE KEY-----\n    productionfjh6qnrS4z3qPOrOthu9hVJiM9sXPISuIMWCQUVDhA7cKwuZ3ErN3Mue2GBt\n    KYuINui3SbsyfuAJlF/3FcUVfbwbioRWMKEs4rTPeU9Nz06Ipj2wZnRUpQ0njgptzxyrzH\n    NblRVU1Skj9xNTzNbj02bWoOYSOgq3YIF+901gbQuZdE8JPxcKZMUXSxTvhgq5zA5bpKrj\n    Zm3Gja0rYjNM6NEFCRfVW4Fg==\n    -----END PRIVATE KEY-----\n  \"provider_project\": \"prod-120822\"\n  \"provider_username\": \"ci-user\"\n",
            "content_base64": null,
            "directory_permission": "0777",
            "file_permission": "0444",
            "filename": "./CREATED_bastion.yml",
            "id": "200cdc2b74a348bc09781824fafb00a77e3b5ed4",
            "sensitive_content": null,
            "source": null
          },
          "sensitive_attributes": [
            [
              {
                "type": "get_attr",
                "value": "content"
              }
            ]
          ],
          "private": "bnVsbA==",
          "dependencies": [
            "data.terraform_remote_state.this_network",
            "random_integer.public_ip",
            "random_uuid.this"
          ]
        }
      ]
    },
    {
      "mode": "managed",
      "type": "random_integer",
      "name": "public_ip",
      "provider": "provider[\"registry.terraform.io/hashicorp/random\"]",
      "instances": [
        {
          "index_key": 0,
          "schema_version": 0,
          "attributes": {
            "id": "134",
            "keepers": {
              "instance_id": "0c5b4491-4dcf-c938-d456-f5d79e49aae6"
            },
            "max": 255,
            "min": 0,
            "result": 134,
            "seed": null
          },
          "sensitive_attributes": [],
          "private": "bnVsbA==",
          "dependencies": [
            "random_uuid.this"
          ]
        },
        {
          "index_key": 1,
          "schema_version": 0,
          "attributes": {
            "id": "127",
            "keepers": {
              "instance_id": "0c5b4491-4dcf-c938-d456-f5d79e49aae6"
            },
            "max": 255,
            "min": 0,
            "result": 127,
            "seed": null
          },
          "sensitive_attributes": [],
          "private": "bnVsbA==",
          "dependencies": [
            "random_uuid.this"
          ]
        },
        {
          "index_key": 2,
          "schema_version": 0,
          "attributes": {
            "id": "193",
            "keepers": {
              "instance_id": "0c5b4491-4dcf-c938-d456-f5d79e49aae6"
            },
            "max": 255,
            "min": 0,
            "result": 193,
            "seed": null
          },
          "sensitive_attributes": [],
          "private": "bnVsbA==",
          "dependencies": [
            "random_uuid.this"
          ]
        }
      ]
    },
    {
      "mode": "managed",
      "type": "random_uuid",
      "name": "this",
      "provider": "provider[\"registry.terraform.io/hashicorp/random\"]",
      "instances": [
        {
          "schema_version": 0,
          "attributes": {
            "id": "0c5b4491-4dcf-c938-d456-f5d79e49aae6",
            "keepers": null,
            "result": "0c5b4491-4dcf-c938-d456-f5d79e49aae6"
          },
          "sensitive_attributes": [],
          "private": "bnVsbA=="
        }
      ]
    }
  ]
}
