{
  "version": 4,
  "terraform_version": "1.2.7",
  "serial": 7,
  "lineage": "1edba8e9-0435-386f-8708-9c5daa6ff6a6",
  "outputs": {
    "domain_name": {
      "value": {
        "internal": "staging.myp.tech",
        "private": "staging.private",
        "public": "staging.public"
      },
      "type": [
        "object",
        {
          "internal": "string",
          "private": "string",
          "public": "string"
        }
      ],
      "sensitive": true
    },
    "network": {
      "value": {
        "ip_range": "10.3.0.0/20",
        "nat_ip": "34.219.18.216",
        "network_id": "staging-120822/network/1000dfab-7b32-6615-5d13-57969fb74546"
      },
      "type": [
        "object",
        {
          "ip_range": "string",
          "nat_ip": "string",
          "network_id": "string"
        }
      ],
      "sensitive": true
    }
  },
  "resources": [
    {
      "mode": "managed",
      "type": "local_file",
      "name": "dns",
      "provider": "provider[\"registry.terraform.io/hashicorp/local\"]",
      "instances": [
        {
          "schema_version": 0,
          "attributes": {
            "content": "\"created\":\n  \"internal_domain_name\": \"staging.myp.tech\"\n  \"private_domain_name\": \"staging.private\"\n  \"public_domain_name\": \"staging.public\"\n  \"state_tag\": \"infra-grounds--envs--staging--network\"\n\"needs\":\n  \"provider_credentials\": |\n    -----BEGIN PRIVATE KEY-----\n    cExj5mM4Eshfx1yhdLmK2NC7GRoTjOXW7UXr5w1bMHlWPUhAeCzVCwmto9SAnJhxq2QWc0\n    DX3P7vmccxC8AIHg5TnhMLLFe/xodN1C5BZ3xoqFJnUR3aB72HqvDrGqMsp5AD28WMeL7t\n    q49SkzrmKUiOEQTwHWiJxl89g8uWehweB0Q+lze8d7pR2BL1iNgzFRhpmMHkdbaEZF8uLn\n    S46W3NiHDdWCO1Lz3mMiwAfi==\n    -----END PRIVATE KEY-----\n  \"provider_project\": \"staging-120822\"\n  \"provider_username\": \"ci-user\"\n",
            "content_base64": null,
            "directory_permission": "0777",
            "file_permission": "0444",
            "filename": "./CREATED_dns.yml",
            "id": "87264b7fb2f1fe3db8c320712211de00591d7326",
            "sensitive_content": null,
            "source": null
          },
          "sensitive_attributes": [
            [
              {
                "type": "get_attr",
                "value": "content"
              }
            ]
          ],
          "private": "bnVsbA=="
        }
      ]
    },
    {
      "mode": "managed",
      "type": "local_file",
      "name": "network",
      "provider": "provider[\"registry.terraform.io/hashicorp/local\"]",
      "instances": [
        {
          "schema_version": 0,
          "attributes": {
            "content": "\"created\":\n  \"nat_ip\": \"34.219.18.216\"\n  \"network_id\": \"staging-120822/network/1000dfab-7b32-6615-5d13-57969fb74546\"\n  \"network_ip\": \"10.3.0.0/20\"\n  \"tag\": \"infra-grounds--envs--staging--network\"\n\"needs\":\n  \"provider_credentials\": |\n    -----BEGIN PRIVATE KEY-----\n    cExj5mM4Eshfx1yhdLmK2NC7GRoTjOXW7UXr5w1bMHlWPUhAeCzVCwmto9SAnJhxq2QWc0\n    DX3P7vmccxC8AIHg5TnhMLLFe/xodN1C5BZ3xoqFJnUR3aB72HqvDrGqMsp5AD28WMeL7t\n    q49SkzrmKUiOEQTwHWiJxl89g8uWehweB0Q+lze8d7pR2BL1iNgzFRhpmMHkdbaEZF8uLn\n    S46W3NiHDdWCO1Lz3mMiwAfi==\n    -----END PRIVATE KEY-----\n  \"provider_project\": \"staging-120822\"\n  \"provider_username\": \"ci-user\"\n",
            "content_base64": null,
            "directory_permission": "0777",
            "file_permission": "0444",
            "filename": "./CREATED_network.yml",
            "id": "90b8f159485004f143b76c5fe56d8534f8a3cd2e",
            "sensitive_content": null,
            "source": null
          },
          "sensitive_attributes": [
            [
              {
                "type": "get_attr",
                "value": "content"
              }
            ]
          ],
          "private": "bnVsbA==",
          "dependencies": [
            "random_integer.nat_ip",
            "random_uuid.network"
          ]
        }
      ]
    },
    {
      "mode": "managed",
      "type": "random_integer",
      "name": "nat_ip",
      "provider": "provider[\"registry.terraform.io/hashicorp/random\"]",
      "instances": [
        {
          "index_key": 0,
          "schema_version": 0,
          "attributes": {
            "id": "219",
            "keepers": {
              "network_ip": "10.3.0.0/20"
            },
            "max": 255,
            "min": 0,
            "result": 219,
            "seed": null
          },
          "sensitive_attributes": [],
          "private": "bnVsbA=="
        },
        {
          "index_key": 1,
          "schema_version": 0,
          "attributes": {
            "id": "18",
            "keepers": {
              "network_ip": "10.3.0.0/20"
            },
            "max": 255,
            "min": 0,
            "result": 18,
            "seed": null
          },
          "sensitive_attributes": [],
          "private": "bnVsbA=="
        },
        {
          "index_key": 2,
          "schema_version": 0,
          "attributes": {
            "id": "216",
            "keepers": {
              "network_ip": "10.3.0.0/20"
            },
            "max": 255,
            "min": 0,
            "result": 216,
            "seed": null
          },
          "sensitive_attributes": [],
          "private": "bnVsbA=="
        }
      ]
    },
    {
      "mode": "managed",
      "type": "random_uuid",
      "name": "network",
      "provider": "provider[\"registry.terraform.io/hashicorp/random\"]",
      "instances": [
        {
          "schema_version": 0,
          "attributes": {
            "id": "1000dfab-7b32-6615-5d13-57969fb74546",
            "keepers": {
              "network_ip": "10.3.0.0/20"
            },
            "result": "1000dfab-7b32-6615-5d13-57969fb74546"
          },
          "sensitive_attributes": [],
          "private": "bnVsbA=="
        }
      ]
    }
  ]
}
