{
  "version": 4,
  "terraform_version": "1.2.7",
  "serial": 6,
  "lineage": "5fb76a42-52bf-59a9-93bb-26f9dcf73279",
  "outputs": {
    "bastion": {
      "value": {
        "instance_id": "staging-120822/instance/46dbd205-5e81-3cc7-0b30-8de86f6e56d6",
        "internal_domain_name": "bastion.staging.myp.tech",
        "private_domain_name": "bastion.staging.private",
        "private_ip": "10.3.0.2",
        "public_ip": "34.37.90.226"
      },
      "type": [
        "object",
        {
          "instance_id": "string",
          "internal_domain_name": "string",
          "private_domain_name": "string",
          "private_ip": "string",
          "public_ip": "string"
        }
      ],
      "sensitive": true
    }
  },
  "resources": [
    {
      "mode": "data",
      "type": "terraform_remote_state",
      "name": "this_network",
      "provider": "provider[\"terraform.io/builtin/terraform\"]",
      "instances": [
        {
          "schema_version": 0,
          "attributes": {
            "backend": "local",
            "config": {
              "value": {
                "path": "/home/arthur/git/exeiac/tests/git-repo/infra-grounds/2-envs/1-staging/1-network/terraform.tfstate"
              },
              "type": [
                "object",
                {
                  "path": "string"
                }
              ]
            },
            "defaults": null,
            "outputs": {
              "value": {
                "domain_name": {
                  "internal": "staging.myp.tech",
                  "private": "staging.private",
                  "public": "staging.public"
                },
                "network": {
                  "ip_range": "10.3.0.0/20",
                  "nat_ip": "34.219.18.216",
                  "network_id": "staging-120822/network/1000dfab-7b32-6615-5d13-57969fb74546"
                }
              },
              "type": [
                "object",
                {
                  "domain_name": [
                    "object",
                    {
                      "internal": "string",
                      "private": "string",
                      "public": "string"
                    }
                  ],
                  "network": [
                    "object",
                    {
                      "ip_range": "string",
                      "nat_ip": "string",
                      "network_id": "string"
                    }
                  ]
                }
              ]
            },
            "workspace": null
          },
          "sensitive_attributes": [
            [
              {
                "type": "get_attr",
                "value": "config"
              },
              {
                "type": "get_attr",
                "value": "path"
              }
            ]
          ]
        }
      ]
    },
    {
      "mode": "managed",
      "type": "local_file",
      "name": "this",
      "provider": "provider[\"registry.terraform.io/hashicorp/local\"]",
      "instances": [
        {
          "schema_version": 0,
          "attributes": {
            "content": "\"created\":\n  \"instance_id\": \"staging-120822/instance/46dbd205-5e81-3cc7-0b30-8de86f6e56d6\"\n  \"internal_domain_name\": \"bastion.staging.myp.tech\"\n  \"private_domain_name\": \"bastion.staging.private\"\n  \"private_ip\": \"10.3.0.2\"\n  \"properties\":\n    \"cpu\": 2\n    \"disk\":\n      \"system\": 30\n    \"memory\": 4096\n  \"public_ip\": \"34.37.90.226\"\n  \"tag\": \"infra-grounds--envs--staging--bastion\"\n\"needs\":\n  \"network_ip_range\": \"10.3.0.0/20\"\n  \"provider_credentials\": |\n    -----BEGIN PRIVATE KEY-----\n    cExj5mM4Eshfx1yhdLmK2NC7GRoTjOXW7UXr5w1bMHlWPUhAeCzVCwmto9SAnJhxq2QWc0\n    DX3P7vmccxC8AIHg5TnhMLLFe/xodN1C5BZ3xoqFJnUR3aB72HqvDrGqMsp5AD28WMeL7t\n    q49SkzrmKUiOEQTwHWiJxl89g8uWehweB0Q+lze8d7pR2BL1iNgzFRhpmMHkdbaEZF8uLn\n    S46W3NiHDdWCO1Lz3mMiwAfi==\n    -----END PRIVATE KEY-----\n  \"provider_project\": \"staging-120822\"\n  \"provider_username\": \"ci-user\"\n",
            "content_base64": null,
            "directory_permission": "0777",
            "file_permission": "0444",
            "filename": "./CREATED_bastion.yml",
            "id": "5388de5a96089a7fdc3b6d30037b0b2f006b676a",
            "sensitive_content": null,
            "source": null
          },
          "sensitive_attributes": [
            [
              {
                "type": "get_attr",
                "value": "content"
              }
            ]
          ],
          "private": "bnVsbA==",
          "dependencies": [
            "data.terraform_remote_state.this_network",
            "random_integer.public_ip",
            "random_uuid.this"
          ]
        }
      ]
    },
    {
      "mode": "managed",
      "type": "random_integer",
      "name": "public_ip",
      "provider": "provider[\"registry.terraform.io/hashicorp/random\"]",
      "instances": [
        {
          "index_key": 0,
          "schema_version": 0,
          "attributes": {
            "id": "37",
            "keepers": {
              "instance_id": "46dbd205-5e81-3cc7-0b30-8de86f6e56d6"
            },
            "max": 255,
            "min": 0,
            "result": 37,
            "seed": null
          },
          "sensitive_attributes": [],
          "private": "bnVsbA==",
          "dependencies": [
            "random_uuid.this"
          ]
        },
        {
          "index_key": 1,
          "schema_version": 0,
          "attributes": {
            "id": "90",
            "keepers": {
              "instance_id": "46dbd205-5e81-3cc7-0b30-8de86f6e56d6"
            },
            "max": 255,
            "min": 0,
            "result": 90,
            "seed": null
          },
          "sensitive_attributes": [],
          "private": "bnVsbA==",
          "dependencies": [
            "random_uuid.this"
          ]
        },
        {
          "index_key": 2,
          "schema_version": 0,
          "attributes": {
            "id": "226",
            "keepers": {
              "instance_id": "46dbd205-5e81-3cc7-0b30-8de86f6e56d6"
            },
            "max": 255,
            "min": 0,
            "result": 226,
            "seed": null
          },
          "sensitive_attributes": [],
          "private": "bnVsbA==",
          "dependencies": [
            "random_uuid.this"
          ]
        }
      ]
    },
    {
      "mode": "managed",
      "type": "random_uuid",
      "name": "this",
      "provider": "provider[\"registry.terraform.io/hashicorp/random\"]",
      "instances": [
        {
          "schema_version": 0,
          "attributes": {
            "id": "46dbd205-5e81-3cc7-0b30-8de86f6e56d6",
            "keepers": null,
            "result": "46dbd205-5e81-3cc7-0b30-8de86f6e56d6"
          },
          "sensitive_attributes": [],
          "private": "bnVsbA=="
        }
      ]
    }
  ]
}
